// !$*UTF8*$!
{
	archiveVersion = 1;
	classes = {
	};
	objectVersion = 50;
	objects = {

/* Begin PBXBuildFile section */
		0E7B343821177C5500283B84 /* FlagListVC.swift in Sources */ = {isa = PBXBuildFile; fileRef = 0E7B343721177C5500283B84 /* FlagListVC.swift */; };
		398CE2E4210CF7340066C1EB /* AppDelegate.swift in Sources */ = {isa = PBXBuildFile; fileRef = 398CE2E3210CF7340066C1EB /* AppDelegate.swift */; };
		398CE2E6210CF7340066C1EB /* HomeVC.swift in Sources */ = {isa = PBXBuildFile; fileRef = 398CE2E5210CF7340066C1EB /* HomeVC.swift */; };
		398CE2E9210CF7340066C1EB /* Main.storyboard in Resources */ = {isa = PBXBuildFile; fileRef = 398CE2E7210CF7340066C1EB /* Main.storyboard */; };
		398CE2EB210CF7340066C1EB /* Assets.xcassets in Resources */ = {isa = PBXBuildFile; fileRef = 398CE2EA210CF7340066C1EB /* Assets.xcassets */; };
		398CE2EE210CF7340066C1EB /* LaunchScreen.storyboard in Resources */ = {isa = PBXBuildFile; fileRef = 398CE2EC210CF7340066C1EB /* LaunchScreen.storyboard */; };
		398CE2F9210CF7340066C1EB /* FLAGSCANUITests.swift in Sources */ = {isa = PBXBuildFile; fileRef = 398CE2F8210CF7340066C1EB /* FLAGSCANUITests.swift */; };
/* End PBXBuildFile section */

/* Begin PBXContainerItemProxy section */
		398CE2F5210CF7340066C1EB /* PBXContainerItemProxy */ = {
			isa = PBXContainerItemProxy;
			containerPortal = 398CE2D8210CF7340066C1EB /* Project object */;
			proxyType = 1;
			remoteGlobalIDString = 398CE2DF210CF7340066C1EB;
			remoteInfo = FLAGSCAN;
		};
/* End PBXContainerItemProxy section */

/* Begin PBXFileReference section */
		0E7B343721177C5500283B84 /* FlagListVC.swift */ = {isa = PBXFileReference; lastKnownFileType = sourcecode.swift; path = FlagListVC.swift; sourceTree = "<group>"; };
		398CE2E0210CF7340066C1EB /* FLAGSCAN.app */ = {isa = PBXFileReference; explicitFileType = wrapper.application; includeInIndex = 0; path = FLAGSCAN.app; sourceTree = BUILT_PRODUCTS_DIR; };
		398CE2E3210CF7340066C1EB /* AppDelegate.swift */ = {isa = PBXFileReference; lastKnownFileType = sourcecode.swift; path = AppDelegate.swift; sourceTree = "<group>"; };
		398CE2E5210CF7340066C1EB /* HomeVC.swift */ = {isa = PBXFileReference; lastKnownFileType = sourcecode.swift; path = HomeVC.swift; sourceTree = "<group>"; };
		398CE2E8210CF7340066C1EB /* Base */ = {isa = PBXFileReference; lastKnownFileType = file.storyboard; name = Base; path = Base.lproj/Main.storyboard; sourceTree = "<group>"; };
		398CE2EA210CF7340066C1EB /* Assets.xcassets */ = {isa = PBXFileReference; lastKnownFileType = folder.assetcatalog; path = Assets.xcassets; sourceTree = "<group>"; };
		398CE2ED210CF7340066C1EB /* Base */ = {isa = PBXFileReference; lastKnownFileType = file.storyboard; name = Base; path = Base.lproj/LaunchScreen.storyboard; sourceTree = "<group>"; };
		398CE2EF210CF7340066C1EB /* Info.plist */ = {isa = PBXFileReference; lastKnownFileType = text.plist.xml; path = Info.plist; sourceTree = "<group>"; };
		398CE2F4210CF7340066C1EB /* FLAGSCANUITests.xctest */ = {isa = PBXFileReference; explicitFileType = wrapper.cfbundle; includeInIndex = 0; path = FLAGSCANUITests.xctest; sourceTree = BUILT_PRODUCTS_DIR; };
		398CE2F8210CF7340066C1EB /* FLAGSCANUITests.swift */ = {isa = PBXFileReference; lastKnownFileType = sourcecode.swift; path = FLAGSCANUITests.swift; sourceTree = "<group>"; };
		398CE2FA210CF7340066C1EB /* Info.plist */ = {isa = PBXFileReference; lastKnownFileType = text.plist.xml; path = Info.plist; sourceTree = "<group>"; };
/* End PBXFileReference section */

/* Begin PBXFrameworksBuildPhase section */
		398CE2DD210CF7340066C1EB /* Frameworks */ = {
			isa = PBXFrameworksBuildPhase;
			buildActionMask = 2147483647;
			files = (
			);
			runOnlyForDeploymentPostprocessing = 0;
		};
		398CE2F1210CF7340066C1EB /* Frameworks */ = {
			isa = PBXFrameworksBuildPhase;
			buildActionMask = 2147483647;
			files = (
			);
			runOnlyForDeploymentPostprocessing = 0;
		};
/* End PBXFrameworksBuildPhase section */

/* Begin PBXGroup section */
		398CE2D7210CF7340066C1EB = {
			isa = PBXGroup;
			children = (
				398CE2E2210CF7340066C1EB /* FLAGSCAN */,
				398CE2F7210CF7340066C1EB /* FLAGSCANUITests */,
				398CE2E1210CF7340066C1EB /* Products */,
			);
			sourceTree = "<group>";
		};
		398CE2E1210CF7340066C1EB /* Products */ = {
			isa = PBXGroup;
			children = (
				398CE2E0210CF7340066C1EB /* FLAGSCAN.app */,
				398CE2F4210CF7340066C1EB /* FLAGSCANUITests.xctest */,
			);
			name = Products;
			sourceTree = "<group>";
		};
		398CE2E2210CF7340066C1EB /* FLAGSCAN */ = {
			isa = PBXGroup;
			children = (
				398CE2E3210CF7340066C1EB /* AppDelegate.swift */,
				398CE2E5210CF7340066C1EB /* HomeVC.swift */,
				398CE2E7210CF7340066C1EB /* Main.storyboard */,
				398CE2EA210CF7340066C1EB /* Assets.xcassets */,
				398CE2EC210CF7340066C1EB /* LaunchScreen.storyboard */,
				398CE2EF210CF7340066C1EB /* Info.plist */,
				0E7B343721177C5500283B84 /* FlagListVC.swift */,
			);
			path = FLAGSCAN;
			sourceTree = "<group>";
		};
		398CE2F7210CF7340066C1EB /* FLAGSCANUITests */ = {
			isa = PBXGroup;
			children = (
				398CE2F8210CF7340066C1EB /* FLAGSCANUITests.swift */,
				398CE2FA210CF7340066C1EB /* Info.plist */,
			);
			path = FLAGSCANUITests;
			sourceTree = "<group>";
		};
/* End PBXGroup section */

/* Begin PBXNativeTarget section */
		398CE2DF210CF7340066C1EB /* FLAGSCAN */ = {
			isa = PBXNativeTarget;
			buildConfigurationList = 398CE2FD210CF7340066C1EB /* Build configuration list for PBXNativeTarget "FLAGSCAN" */;
			buildPhases = (
				398CE2DC210CF7340066C1EB /* Sources */,
				398CE2DD210CF7340066C1EB /* Frameworks */,
				398CE2DE210CF7340066C1EB /* Resources */,
			);
			buildRules = (
			);
			dependencies = (
			);
			name = FLAGSCAN;
			productName = FLAGSCAN;
			productReference = 398CE2E0210CF7340066C1EB /* FLAGSCAN.app */;
			productType = "com.apple.product-type.application";
		};
		398CE2F3210CF7340066C1EB /* FLAGSCANUITests */ = {
			isa = PBXNativeTarget;
			buildConfigurationList = 398CE300210CF7340066C1EB /* Build configuration list for PBXNativeTarget "FLAGSCANUITests" */;
			buildPhases = (
				398CE2F0210CF7340066C1EB /* Sources */,
				398CE2F1210CF7340066C1EB /* Frameworks */,
				398CE2F2210CF7340066C1EB /* Resources */,
			);
			buildRules = (
			);
			dependencies = (
				398CE2F6210CF7340066C1EB /* PBXTargetDependency */,
			);
			name = FLAGSCANUITests;
			productName = FLAGSCANUITests;
			productReference = 398CE2F4210CF7340066C1EB /* FLAGSCANUITests.xctest */;
			productType = "com.apple.product-type.bundle.ui-testing";
		};
/* End PBXNativeTarget section */

/* Begin PBXProject section */
		398CE2D8210CF7340066C1EB /* Project object */ = {
			isa = PBXProject;
			attributes = {
				LastSwiftUpdateCheck = 0940;
				LastUpgradeCheck = 0940;
				ORGANIZATIONNAME = "Stefan Hiebl";
				TargetAttributes = {
					398CE2DF210CF7340066C1EB = {
						CreatedOnToolsVersion = 9.4.1;
					};
					398CE2F3210CF7340066C1EB = {
						CreatedOnToolsVersion = 9.4.1;
						TestTargetID = 398CE2DF210CF7340066C1EB;
					};
				};
			};
			buildConfigurationList = 398CE2DB210CF7340066C1EB /* Build configuration list for PBXProject "FLAGSCAN" */;
			compatibilityVersion = "Xcode 9.3";
			developmentRegion = en;
			hasScannedForEncodings = 0;
			knownRegions = (
				en,
				Base,
			);
			mainGroup = 398CE2D7210CF7340066C1EB;
			productRefGroup = 398CE2E1210CF7340066C1EB /* Products */;
			projectDirPath = "";
			projectRoot = "";
			targets = (
				398CE2DF210CF7340066C1EB /* FLAGSCAN */,
				398CE2F3210CF7340066C1EB /* FLAGSCANUITests */,
			);
		};
/* End PBXProject section */

/* Begin PBXResourcesBuildPhase section */
		398CE2DE210CF7340066C1EB /* Resources */ = {
			isa = PBXResourcesBuildPhase;
			buildActionMask = 2147483647;
			files = (
				398CE2EE210CF7340066C1EB /* LaunchScreen.storyboard in Resources */,
				398CE2EB210CF7340066C1EB /* Assets.xcassets in Resources */,
				398CE2E9210CF7340066C1EB /* Main.storyboard in Resources */,
			);
			runOnlyForDeploymentPostprocessing = 0;
		};
		398CE2F2210CF7340066C1EB /* Resources */ = {
			isa = PBXResourcesBuildPhase;
			buildActionMask = 2147483647;
			files = (
			);
			runOnlyForDeploymentPostprocessing = 0;
		};
/* End PBXResourcesBuildPhase section */

/* Begin PBXSourcesBuildPhase section */
		398CE2DC210CF7340066C1EB /* Sources */ = {
			isa = PBXSourcesBuildPhase;
			buildActionMask = 2147483647;
			files = (
				0E7B343821177C5500283B84 /* FlagListVC.swift in Sources */,
				398CE2E6210CF7340066C1EB /* HomeVC.swift in Sources */,
				398CE2E4210CF7340066C1EB /* AppDelegate.swift in Sources */,
			);
			runOnlyForDeploymentPostprocessing = 0;
		};
		398CE2F0210CF7340066C1EB /* Sources */ = {
			isa = PBXSourcesBuildPhase;
			buildActionMask = 2147483647;
			files = (
				398CE2F9210CF7340066C1EB /* FLAGSCANUITests.swift in Sources */,
			);
			runOnlyForDeploymentPostprocessing = 0;
		};
/* End PBXSourcesBuildPhase section */

/* Begin PBXTargetDependency section */
		398CE2F6210CF7340066C1EB /* PBXTargetDependency */ = {
			isa = PBXTargetDependency;
			target = 398CE2DF210CF7340066C1EB /* FLAGSCAN */;
			targetProxy = 398CE2F5210CF7340066C1EB /* PBXContainerItemProxy */;
		};
/* End PBXTargetDependency section */

/* Begin PBXVariantGroup section */
		398CE2E7210CF7340066C1EB /* Main.storyboard */ = {
			isa = PBXVariantGroup;
			children = (
				398CE2E8210CF7340066C1EB /* Base */,
			);
			name = Main.storyboard;
			sourceTree = "<group>";
		};
		398CE2EC210CF7340066C1EB /* LaunchScreen.storyboard */ = {
			isa = PBXVariantGroup;
			children = (
				398CE2ED210CF7340066C1EB /* Base */,
			);
			name = LaunchScreen.storyboard;
			sourceTree = "<group>";
		};
/* End PBXVariantGroup section */

/* Begin XCBuildConfiguration section */
		398CE2FB210CF7340066C1EB /* Debug */ = {
			isa = XCBuildConfiguration;
			buildSettings = {
				ALWAYS_SEARCH_USER_PATHS = NO;
				CLANG_ANALYZER_NONNULL = YES;
				CLANG_ANALYZER_NUMBER_OBJECT_CONVERSION = YES_AGGRESSIVE;
				CLANG_CXX_LANGUAGE_STANDARD = "gnu++14";
				CLANG_CXX_LIBRARY = "libc++";
				CLANG_ENABLE_MODULES = YES;
				CLANG_ENABLE_OBJC_ARC = YES;
				CLANG_ENABLE_OBJC_WEAK = YES;
				CLANG_WARN_BLOCK_CAPTURE_AUTORELEASING = YES;
				CLANG_WARN_BOOL_CONVERSION = YES;
				CLANG_WARN_COMMA = YES;
				CLANG_WARN_CONSTANT_CONVERSION = YES;
				CLANG_WARN_DEPRECATED_OBJC_IMPLEMENTATIONS = YES;
				CLANG_WARN_DIRECT_OBJC_ISA_USAGE = YES_ERROR;
				CLANG_WARN_DOCUMENTATION_COMMENTS = YES;
				CLANG_WARN_EMPTY_BODY = YES;
				CLANG_WARN_ENUM_CONVERSION = YES;
				CLANG_WARN_INFINITE_RECURSION = YES;
				CLANG_WARN_INT_CONVERSION = YES;
				CLANG_WARN_NON_LITERAL_NULL_CONVERSION = YES;
				CLANG_WARN_OBJC_IMPLICIT_RETAIN_SELF = YES;
				CLANG_WARN_OBJC_LITERAL_CONVERSION = YES;
				CLANG_WARN_OBJC_ROOT_CLASS = YES_ERROR;
				CLANG_WARN_RANGE_LOOP_ANALYSIS = YES;
				CLANG_WARN_STRICT_PROTOTYPES = YES;
				CLANG_WARN_SUSPICIOUS_MOVE = YES;
				CLANG_WARN_UNGUARDED_AVAILABILITY = YES_AGGRESSIVE;
				CLANG_WARN_UNREACHABLE_CODE = YES;
				CLANG_WARN__DUPLICATE_METHOD_MATCH = YES;
				CODE_SIGN_IDENTITY = "iPhone Developer";
				COPY_PHASE_STRIP = NO;
				DEBUG_INFORMATION_FORMAT = dwarf;
				ENABLE_STRICT_OBJC_MSGSEND = YES;
				ENABLE_TESTABILITY = YES;
				GCC_C_LANGUAGE_STANDARD = gnu11;
				GCC_DYNAMIC_NO_PIC = NO;
				GCC_NO_COMMON_BLOCKS = YES;
				GCC_OPTIMIZATION_LEVEL = 0;
				GCC_PREPROCESSOR_DEFINITIONS = (
					"DEBUG=1",
					"$(inherited)",
				);
				GCC_WARN_64_TO_32_BIT_CONVERSION = YES;
				GCC_WARN_ABOUT_RETURN_TYPE = YES_ERROR;
				GCC_WARN_UNDECLARED_SELECTOR = YES;
				GCC_WARN_UNINITIALIZED_AUTOS = YES_AGGRESSIVE;
				GCC_WARN_UNUSED_FUNCTION = YES;
				GCC_WARN_UNUSED_VARIABLE = YES;
				IPHONEOS_DEPLOYMENT_TARGET = 11.4;
				MTL_ENABLE_DEBUG_INFO = YES;
				ONLY_ACTIVE_ARCH = YES;
				SDKROOT = iphoneos;
				SWIFT_ACTIVE_COMPILATION_CONDITIONS = DEBUG;
				SWIFT_OPTIMIZATION_LEVEL = "-Onone";
			};
			name = Debug;
		};
		398CE2FC210CF7340066C1EB /* Release */ = {
			isa = XCBuildConfiguration;
			buildSettings = {
				ALWAYS_SEARCH_USER_PATHS = NO;
				CLANG_ANALYZER_NONNULL = YES;
				CLANG_ANALYZER_NUMBER_OBJECT_CONVERSION = YES_AGGRESSIVE;
				CLANG_CXX_LANGUAGE_STANDARD = "gnu++14";
				CLANG_CXX_LIBRARY = "libc++";
				CLANG_ENABLE_MODULES = YES;
				CLANG_ENABLE_OBJC_ARC = YES;
				CLANG_ENABLE_OBJC_WEAK = YES;
				CLANG_WARN_BLOCK_CAPTURE_AUTORELEASING = YES;
				CLANG_WARN_BOOL_CONVERSION = YES;
				CLANG_WARN_COMMA = YES;
				CLANG_WARN_CONSTANT_CONVERSION = YES;
				CLANG_WARN_DEPRECATED_OBJC_IMPLEMENTATIONS = YES;
				CLANG_WARN_DIRECT_OBJC_ISA_USAGE = YES_ERROR;
				CLANG_WARN_DOCUMENTATION_COMMENTS = YES;
				CLANG_WARN_EMPTY_BODY = YES;
				CLANG_WARN_ENUM_CONVERSION = YES;
				CLANG_WARN_INFINITE_RECURSION = YES;
				CLANG_WARN_INT_CONVERSION = YES;
				CLANG_WARN_NON_LITERAL_NULL_CONVERSION = YES;
				CLANG_WARN_OBJC_IMPLICIT_RETAIN_SELF = YES;
				CLANG_WARN_OBJC_LITERAL_CONVERSION = YES;
				CLANG_WARN_OBJC_ROOT_CLASS = YES_ERROR;
				CLANG_WARN_RANGE_LOOP_ANALYSIS = YES;
				CLANG_WARN_STRICT_PROTOTYPES = YES;
				CLANG_WARN_SUSPICIOUS_MOVE = YES;
				CLANG_WARN_UNGUARDED_AVAILABILITY = YES_AGGRESSIVE;
				CLANG_WARN_UNREACHABLE_CODE = YES;
				CLANG_WARN__DUPLICATE_METHOD_MATCH = YES;
				CODE_SIGN_IDENTITY = "iPhone Developer";
				COPY_PHASE_STRIP = NO;
				DEBUG_INFORMATION_FORMAT = "dwarf-with-dsym";
				ENABLE_NS_ASSERTIONS = NO;
				ENABLE_STRICT_OBJC_MSGSEND = YES;
				GCC_C_LANGUAGE_STANDARD = gnu11;
				GCC_NO_COMMON_BLOCKS = YES;
				GCC_WARN_64_TO_32_BIT_CONVERSION = YES;
				GCC_WARN_ABOUT_RETURN_TYPE = YES_ERROR;
				GCC_WARN_UNDECLARED_SELECTOR = YES;
				GCC_WARN_UNINITIALIZED_AUTOS = YES_AGGRESSIVE;
				GCC_WARN_UNUSED_FUNCTION = YES;
				GCC_WARN_UNUSED_VARIABLE = YES;
				IPHONEOS_DEPLOYMENT_TARGET = 11.4;
				MTL_ENABLE_DEBUG_INFO = NO;
				SDKROOT = iphoneos;
				SWIFT_COMPILATION_MODE = wholemodule;
				SWIFT_OPTIMIZATION_LEVEL = "-O";
				VALIDATE_PRODUCT = YES;
			};
			name = Release;
		};
		398CE2FE210CF7340066C1EB /* Debug */ = {
			isa = XCBuildConfiguration;
			buildSettings = {
				ASSETCATALOG_COMPILER_APPICON_NAME = AppIcon;
				CODE_SIGN_STYLE = Automatic;
				INFOPLIST_FILE = FLAGSCAN/Info.plist;
				LD_RUNPATH_SEARCH_PATHS = (
					"$(inherited)",
					"@executable_path/Frameworks",
				);
				PRODUCT_BUNDLE_IDENTIFIER = "Stefan-Hiebl.FLAGSCAN";
				PRODUCT_NAME = "$(TARGET_NAME)";
				SWIFT_VERSION = 4.0;
				TARGETED_DEVICE_FAMILY = "1,2";
			};
			name = Debug;
		};
		398CE2FF210CF7340066C1EB /* Release */ = {
			isa = XCBuildConfiguration;
			buildSettings = {
				ASSETCATALOG_COMPILER_APPICON_NAME = AppIcon;
				CODE_SIGN_STYLE = Automatic;
				INFOPLIST_FILE = FLAGSCAN/Info.plist;
				LD_RUNPATH_SEARCH_PATHS = (
					"$(inherited)",
					"@executable_path/Frameworks",
				);
				PRODUCT_BUNDLE_IDENTIFIER = "Stefan-Hiebl.FLAGSCAN";
				PRODUCT_NAME = "$(TARGET_NAME)";
				SWIFT_VERSION = 4.0;
				TARGETED_DEVICE_FAMILY = "1,2";
			};
			name = Release;
		};
		398CE301210CF7340066C1EB /* Debug */ = {
			isa = XCBuildConfiguration;
			buildSettings = {
				ALWAYS_EMBED_SWIFT_STANDARD_LIBRARIES = YES;
				CODE_SIGN_STYLE = Automatic;
				INFOPLIST_FILE = FLAGSCANUITests/Info.plist;
				LD_RUNPATH_SEARCH_PATHS = (
					"$(inherited)",
					"@executable_path/Frameworks",
					"@loader_path/Frameworks",
				);
				PRODUCT_BUNDLE_IDENTIFIER = "Stefan-Hiebl.FLAGSCANUITests";
				PRODUCT_NAME = "$(TARGET_NAME)";
				SWIFT_VERSION = 4.0;
				TARGETED_DEVICE_FAMILY = "1,2";
				TEST_TARGET_NAME = FLAGSCAN;
			};
			name = Debug;
		};
		398CE302210CF7340066C1EB /* Release */ = {
			isa = XCBuildConfiguration;
			buildSettings = {
				ALWAYS_EMBED_SWIFT_STANDARD_LIBRARIES = YES;
				CODE_SIGN_STYLE = Automatic;
				INFOPLIST_FILE = FLAGSCANUITests/Info.plist;
				LD_RUNPATH_SEARCH_PATHS = (
					"$(inherited)",
					"@executable_path/Frameworks",
					"@loader_path/Frameworks",
				);
				PRODUCT_BUNDLE_IDENTIFIER = "Stefan-Hiebl.FLAGSCANUITests";
				PRODUCT_NAME = "$(TARGET_NAME)";
				SWIFT_VERSION = 4.0;
				TARGETED_DEVICE_FAMILY = "1,2";
				TEST_TARGET_NAME = FLAGSCAN;
			};
			name = Release;
		};
/* End XCBuildConfiguration section */

/* Begin XCConfigurationList section */
		398CE2DB210CF7340066C1EB /* Build configuration list for PBXProject "FLAGSCAN" */ = {
			isa = XCConfigurationList;
			buildConfigurations = (
				398CE2FB210CF7340066C1EB /* Debug */,
				398CE2FC210CF7340066C1EB /* Release */,
			);
			defaultConfigurationIsVisible = 0;
			defaultConfigurationName = Release;
		};
		398CE2FD210CF7340066C1EB /* Build configuration list for PBXNativeTarget "FLAGSCAN" */ = {
			isa = XCConfigurationList;
			buildConfigurations = (
				398CE2FE210CF7340066C1EB /* Debug */,
				398CE2FF210CF7340066C1EB /* Release */,
			);
			defaultConfigurationIsVisible = 0;
			defaultConfigurationName = Release;
		};
		398CE300210CF7340066C1EB /* Build configuration list for PBXNativeTarget "FLAGSCANUITests" */ = {
			isa = XCConfigurationList;
			buildConfigurations = (
				398CE301210CF7340066C1EB /* Debug */,
				398CE302210CF7340066C1EB /* Release */,
			);
			defaultConfigurationIsVisible = 0;
			defaultConfigurationName = Release;
		};
/* End XCConfigurationList section */
	};
	rootObject = 398CE2D8210CF7340066C1EB /* Project object */;
}
